// !$*UTF8*$!
{
	archiveVersion = 1;
	classes = {
	};
	objectVersion = 56;
	objects = {

/* Begin PBXBuildFile section */
		9D22BC162A129911000E4728 /* TweetListView.swift in Sources */ = {isa = PBXBuildFile; fileRef = 9D22BC152A129911000E4728 /* TweetListView.swift */; };
		9D22BC182A12991A000E4728 /* TweetView.swift in Sources */ = {isa = PBXBuildFile; fileRef = 9D22BC172A12991A000E4728 /* TweetView.swift */; };
		9D22BC1A2A12A5DD000E4728 /* SearchTab.swift in Sources */ = {isa = PBXBuildFile; fileRef = 9D22BC192A12A5DD000E4728 /* SearchTab.swift */; };
		9D22BC1C2A12A84F000E4728 /* NotificationsTab.swift in Sources */ = {isa = PBXBuildFile; fileRef = 9D22BC1B2A12A84F000E4728 /* NotificationsTab.swift */; };
		9D61D64C2A0EBCE6008AEE38 /* SlideOutMenuSwiftUIApp.swift in Sources */ = {isa = PBXBuildFile; fileRef = 9D61D64B2A0EBCE6008AEE38 /* SlideOutMenuSwiftUIApp.swift */; };
		9D61D64E2A0EBCE6008AEE38 /* ContentView.swift in Sources */ = {isa = PBXBuildFile; fileRef = 9D61D64D2A0EBCE6008AEE38 /* ContentView.swift */; };
		9D61D6502A0EBCE7008AEE38 /* Assets.xcassets in Resources */ = {isa = PBXBuildFile; fileRef = 9D61D64F2A0EBCE7008AEE38 /* Assets.xcassets */; };
		9D61D6532A0EBCE7008AEE38 /* Preview Assets.xcassets in Resources */ = {isa = PBXBuildFile; fileRef = 9D61D6522A0EBCE7008AEE38 /* Preview Assets.xcassets */; };
		9D61D65B2A0EBE2A008AEE38 /* BaseView.swift in Sources */ = {isa = PBXBuildFile; fileRef = 9D61D65A2A0EBE2A008AEE38 /* BaseView.swift */; };
		9D61D65D2A0EBEF4008AEE38 /* SideMenu.swift in Sources */ = {isa = PBXBuildFile; fileRef = 9D61D65C2A0EBEF4008AEE38 /* SideMenu.swift */; };
		9D61D65F2A0ECE57008AEE38 /* HomeView.swift in Sources */ = {isa = PBXBuildFile; fileRef = 9D61D65E2A0ECE57008AEE38 /* HomeView.swift */; };
		9D7F04802A0EE8E000B976C0 /* HomeTab.swift in Sources */ = {isa = PBXBuildFile; fileRef = 9D7F047F2A0EE8E000B976C0 /* HomeTab.swift */; };
		9D7F04822A0EF62200B976C0 /* Color.swift in Sources */ = {isa = PBXBuildFile; fileRef = 9D7F04812A0EF62200B976C0 /* Color.swift */; };
		9D7F04842A0EFB4100B976C0 /* BaseTab.swift in Sources */ = {isa = PBXBuildFile; fileRef = 9D7F04832A0EFB4100B976C0 /* BaseTab.swift */; };
		9D7F04862A0F001A00B976C0 /* SearchView.swift in Sources */ = {isa = PBXBuildFile; fileRef = 9D7F04852A0F001A00B976C0 /* SearchView.swift */; };
		9D7F04882A0F002A00B976C0 /* NotificationsView.swift in Sources */ = {isa = PBXBuildFile; fileRef = 9D7F04872A0F002A00B976C0 /* NotificationsView.swift */; };
		9D7F048A2A0F003600B976C0 /* MessagesView.swift in Sources */ = {isa = PBXBuildFile; fileRef = 9D7F04892A0F003600B976C0 /* MessagesView.swift */; };
		9D7F048C2A0F01DB00B976C0 /* User.swift in Sources */ = {isa = PBXBuildFile; fileRef = 9D7F048B2A0F01DB00B976C0 /* User.swift */; };
		9D7F048E2A0F01F700B976C0 /* Tweet.swift in Sources */ = {isa = PBXBuildFile; fileRef = 9D7F048D2A0F01F700B976C0 /* Tweet.swift */; };
		9D7F04912A0F082900B976C0 /* ProfileView.swift in Sources */ = {isa = PBXBuildFile; fileRef = 9D7F04902A0F082900B976C0 /* ProfileView.swift */; };
		9D7F04932A0F118900B976C0 /* ProfileTab.swift in Sources */ = {isa = PBXBuildFile; fileRef = 9D7F04922A0F118900B976C0 /* ProfileTab.swift */; };
/* End PBXBuildFile section */

/* Begin PBXFileReference section */
		9D22BC152A129911000E4728 /* TweetListView.swift */ = {isa = PBXFileReference; lastKnownFileType = sourcecode.swift; path = TweetListView.swift; sourceTree = "<group>"; };
		9D22BC172A12991A000E4728 /* TweetView.swift */ = {isa = PBXFileReference; lastKnownFileType = sourcecode.swift; path = TweetView.swift; sourceTree = "<group>"; };
		9D22BC192A12A5DD000E4728 /* SearchTab.swift */ = {isa = PBXFileReference; lastKnownFileType = sourcecode.swift; path = SearchTab.swift; sourceTree = "<group>"; };
		9D22BC1B2A12A84F000E4728 /* NotificationsTab.swift */ = {isa = PBXFileReference; lastKnownFileType = sourcecode.swift; path = NotificationsTab.swift; sourceTree = "<group>"; };
		9D61D6482A0EBCE6008AEE38 /* SlideOutMenuSwiftUI.app */ = {isa = PBXFileReference; explicitFileType = wrapper.application; includeInIndex = 0; path = SlideOutMenuSwiftUI.app; sourceTree = BUILT_PRODUCTS_DIR; };
		9D61D64B2A0EBCE6008AEE38 /* SlideOutMenuSwiftUIApp.swift */ = {isa = PBXFileReference; lastKnownFileType = sourcecode.swift; path = SlideOutMenuSwiftUIApp.swift; sourceTree = "<group>"; };
		9D61D64D2A0EBCE6008AEE38 /* ContentView.swift */ = {isa = PBXFileReference; lastKnownFileType = sourcecode.swift; path = ContentView.swift; sourceTree = "<group>"; };
		9D61D64F2A0EBCE7008AEE38 /* Assets.xcassets */ = {isa = PBXFileReference; lastKnownFileType = folder.assetcatalog; path = Assets.xcassets; sourceTree = "<group>"; };
		9D61D6522A0EBCE7008AEE38 /* Preview Assets.xcassets */ = {isa = PBXFileReference; lastKnownFileType = folder.assetcatalog; path = "Preview Assets.xcassets"; sourceTree = "<group>"; };
		9D61D65A2A0EBE2A008AEE38 /* BaseView.swift */ = {isa = PBXFileReference; lastKnownFileType = sourcecode.swift; path = BaseView.swift; sourceTree = "<group>"; };
		9D61D65C2A0EBEF4008AEE38 /* SideMenu.swift */ = {isa = PBXFileReference; lastKnownFileType = sourcecode.swift; path = SideMenu.swift; sourceTree = "<group>"; };
		9D61D65E2A0ECE57008AEE38 /* HomeView.swift */ = {isa = PBXFileReference; lastKnownFileType = sourcecode.swift; path = HomeView.swift; sourceTree = "<group>"; };
		9D7F047F2A0EE8E000B976C0 /* HomeTab.swift */ = {isa = PBXFileReference; lastKnownFileType = sourcecode.swift; path = HomeTab.swift; sourceTree = "<group>"; };
		9D7F04812A0EF62200B976C0 /* Color.swift */ = {isa = PBXFileReference; lastKnownFileType = sourcecode.swift; path = Color.swift; sourceTree = "<group>"; };
		9D7F04832A0EFB4100B976C0 /* BaseTab.swift */ = {isa = PBXFileReference; lastKnownFileType = sourcecode.swift; path = BaseTab.swift; sourceTree = "<group>"; };
		9D7F04852A0F001A00B976C0 /* SearchView.swift */ = {isa = PBXFileReference; lastKnownFileType = sourcecode.swift; path = SearchView.swift; sourceTree = "<group>"; };
		9D7F04872A0F002A00B976C0 /* NotificationsView.swift */ = {isa = PBXFileReference; lastKnownFileType = sourcecode.swift; path = NotificationsView.swift; sourceTree = "<group>"; };
		9D7F04892A0F003600B976C0 /* MessagesView.swift */ = {isa = PBXFileReference; lastKnownFileType = sourcecode.swift; path = MessagesView.swift; sourceTree = "<group>"; };
		9D7F048B2A0F01DB00B976C0 /* User.swift */ = {isa = PBXFileReference; lastKnownFileType = sourcecode.swift; path = User.swift; sourceTree = "<group>"; };
		9D7F048D2A0F01F700B976C0 /* Tweet.swift */ = {isa = PBXFileReference; lastKnownFileType = sourcecode.swift; path = Tweet.swift; sourceTree = "<group>"; };
		9D7F04902A0F082900B976C0 /* ProfileView.swift */ = {isa = PBXFileReference; lastKnownFileType = sourcecode.swift; path = ProfileView.swift; sourceTree = "<group>"; };
		9D7F04922A0F118900B976C0 /* ProfileTab.swift */ = {isa = PBXFileReference; lastKnownFileType = sourcecode.swift; path = ProfileTab.swift; sourceTree = "<group>"; };
/* End PBXFileReference section */

/* Begin PBXFrameworksBuildPhase section */
		9D61D6452A0EBCE6008AEE38 /* Frameworks */ = {
			isa = PBXFrameworksBuildPhase;
			buildActionMask = 2147483647;
			files = (
			);
			runOnlyForDeploymentPostprocessing = 0;
		};
/* End PBXFrameworksBuildPhase section */

/* Begin PBXGroup section */
		9D22BC142A1298FA000E4728 /* Tweet */ = {
			isa = PBXGroup;
			children = (
				9D22BC152A129911000E4728 /* TweetListView.swift */,
				9D22BC172A12991A000E4728 /* TweetView.swift */,
			);
			path = Tweet;
			sourceTree = "<group>";
		};
		9D61D63F2A0EBCE5008AEE38 = {
			isa = PBXGroup;
			children = (
				9D61D64A2A0EBCE6008AEE38 /* SlideOutMenuSwiftUI */,
				9D61D6492A0EBCE6008AEE38 /* Products */,
			);
			sourceTree = "<group>";
		};
		9D61D6492A0EBCE6008AEE38 /* Products */ = {
			isa = PBXGroup;
			children = (
				9D61D6482A0EBCE6008AEE38 /* SlideOutMenuSwiftUI.app */,
			);
			name = Products;
			sourceTree = "<group>";
		};
		9D61D64A2A0EBCE6008AEE38 /* SlideOutMenuSwiftUI */ = {
			isa = PBXGroup;
			children = (
				9D61D64B2A0EBCE6008AEE38 /* SlideOutMenuSwiftUIApp.swift */,
				9D61D64D2A0EBCE6008AEE38 /* ContentView.swift */,
				9D61D6622A0EE032008AEE38 /* Extensions */,
				9D61D6612A0EE028008AEE38 /* Model */,
				9D61D6652A0EE059008AEE38 /* Components */,
				9D61D6602A0EE022008AEE38 /* Core */,
				9D61D64F2A0EBCE7008AEE38 /* Assets.xcassets */,
				9D61D6512A0EBCE7008AEE38 /* Preview Content */,
			);
			path = SlideOutMenuSwiftUI;
			sourceTree = "<group>";
		};
		9D61D6512A0EBCE7008AEE38 /* Preview Content */ = {
			isa = PBXGroup;
			children = (
				9D61D6522A0EBCE7008AEE38 /* Preview Assets.xcassets */,
			);
			path = "Preview Content";
			sourceTree = "<group>";
		};
		9D61D6602A0EE022008AEE38 /* Core */ = {
			isa = PBXGroup;
			children = (
				9D61D6632A0EE03C008AEE38 /* Base */,
				9D7F048F2A0F081800B976C0 /* Profile */,
				9D61D6642A0EE04A008AEE38 /* Home */,
				9D61D6682A0EE07D008AEE38 /* Search */,
				9D61D6672A0EE07B008AEE38 /* Notifications */,
				9D61D6662A0EE072008AEE38 /* Messages */,
			);
			path = Core;
			sourceTree = "<group>";
		};
		9D61D6612A0EE028008AEE38 /* Model */ = {
			isa = PBXGroup;
			children = (
				9D7F048B2A0F01DB00B976C0 /* User.swift */,
				9D7F048D2A0F01F700B976C0 /* Tweet.swift */,
			);
			path = Model;
			sourceTree = "<group>";
		};
		9D61D6622A0EE032008AEE38 /* Extensions */ = {
			isa = PBXGroup;
			children = (
				9D7F04812A0EF62200B976C0 /* Color.swift */,
			);
			path = Extensions;
			sourceTree = "<group>";
		};
		9D61D6632A0EE03C008AEE38 /* Base */ = {
			isa = PBXGroup;
			children = (
				9D61D65A2A0EBE2A008AEE38 /* BaseView.swift */,
				9D7F04832A0EFB4100B976C0 /* BaseTab.swift */,
			);
			path = Base;
			sourceTree = "<group>";
		};
		9D61D6642A0EE04A008AEE38 /* Home */ = {
			isa = PBXGroup;
			children = (
				9D61D65E2A0ECE57008AEE38 /* HomeView.swift */,
				9D7F047F2A0EE8E000B976C0 /* HomeTab.swift */,
			);
			path = Home;
			sourceTree = "<group>";
		};
		9D61D6652A0EE059008AEE38 /* Components */ = {
			isa = PBXGroup;
			children = (
				9D22BC142A1298FA000E4728 /* Tweet */,
				9D61D6692A0EE0B1008AEE38 /* SideMenu */,
			);
			path = Components;
			sourceTree = "<group>";
		};
		9D61D6662A0EE072008AEE38 /* Messages */ = {
			isa = PBXGroup;
			children = (
				9D7F04892A0F003600B976C0 /* MessagesView.swift */,
			);
			path = Messages;
			sourceTree = "<group>";
		};
		9D61D6672A0EE07B008AEE38 /* Notifications */ = {
			isa = PBXGroup;
			children = (
				9D7F04872A0F002A00B976C0 /* NotificationsView.swift */,
				9D22BC1B2A12A84F000E4728 /* NotificationsTab.swift */,
			);
			path = Notifications;
			sourceTree = "<group>";
		};
		9D61D6682A0EE07D008AEE38 /* Search */ = {
			isa = PBXGroup;
			children = (
				9D7F04852A0F001A00B976C0 /* SearchView.swift */,
				9D22BC192A12A5DD000E4728 /* SearchTab.swift */,
			);
			path = Search;
			sourceTree = "<group>";
		};
		9D61D6692A0EE0B1008AEE38 /* SideMenu */ = {
			isa = PBXGroup;
			children = (
				9D61D65C2A0EBEF4008AEE38 /* SideMenu.swift */,
			);
			path = SideMenu;
			sourceTree = "<group>";
		};
		9D7F048F2A0F081800B976C0 /* Profile */ = {
			isa = PBXGroup;
			children = (
				9D7F04902A0F082900B976C0 /* ProfileView.swift */,
				9D7F04922A0F118900B976C0 /* ProfileTab.swift */,
			);
			path = Profile;
			sourceTree = "<group>";
		};
/* End PBXGroup section */

/* Begin PBXNativeTarget section */
		9D61D6472A0EBCE6008AEE38 /* SlideOutMenuSwiftUI */ = {
			isa = PBXNativeTarget;
			buildConfigurationList = 9D61D6562A0EBCE7008AEE38 /* Build configuration list for PBXNativeTarget "SlideOutMenuSwiftUI" */;
			buildPhases = (
				9D61D6442A0EBCE6008AEE38 /* Sources */,
				9D61D6452A0EBCE6008AEE38 /* Frameworks */,
				9D61D6462A0EBCE6008AEE38 /* Resources */,
			);
			buildRules = (
			);
			dependencies = (
			);
			name = SlideOutMenuSwiftUI;
			productName = SlideOutMenuSwiftUI;
			productReference = 9D61D6482A0EBCE6008AEE38 /* SlideOutMenuSwiftUI.app */;
			productType = "com.apple.product-type.application";
		};
/* End PBXNativeTarget section */

/* Begin PBXProject section */
		9D61D6402A0EBCE5008AEE38 /* Project object */ = {
			isa = PBXProject;
			attributes = {
				BuildIndependentTargetsInParallel = 1;
				LastSwiftUpdateCheck = 1420;
				LastUpgradeCheck = 1420;
				TargetAttributes = {
					9D61D6472A0EBCE6008AEE38 = {
						CreatedOnToolsVersion = 14.2;
					};
				};
			};
			buildConfigurationList = 9D61D6432A0EBCE5008AEE38 /* Build configuration list for PBXProject "SlideOutMenuSwiftUI" */;
			compatibilityVersion = "Xcode 14.0";
			developmentRegion = en;
			hasScannedForEncodings = 0;
			knownRegions = (
				en,
				Base,
			);
			mainGroup = 9D61D63F2A0EBCE5008AEE38;
			productRefGroup = 9D61D6492A0EBCE6008AEE38 /* Products */;
			projectDirPath = "";
			projectRoot = "";
			targets = (
				9D61D6472A0EBCE6008AEE38 /* SlideOutMenuSwiftUI */,
			);
		};
/* End PBXProject section */

/* Begin PBXResourcesBuildPhase section */
		9D61D6462A0EBCE6008AEE38 /* Resources */ = {
			isa = PBXResourcesBuildPhase;
			buildActionMask = 2147483647;
			files = (
				9D61D6532A0EBCE7008AEE38 /* Preview Assets.xcassets in Resources */,
				9D61D6502A0EBCE7008AEE38 /* Assets.xcassets in Resources */,
			);
			runOnlyForDeploymentPostprocessing = 0;
		};
/* End PBXResourcesBuildPhase section */

/* Begin PBXSourcesBuildPhase section */
		9D61D6442A0EBCE6008AEE38 /* Sources */ = {
			isa = PBXSourcesBuildPhase;
			buildActionMask = 2147483647;
			files = (
				9D22BC182A12991A000E4728 /* TweetView.swift in Sources */,
				9D7F04932A0F118900B976C0 /* ProfileTab.swift in Sources */,
				9D7F04802A0EE8E000B976C0 /* HomeTab.swift in Sources */,
				9D7F04882A0F002A00B976C0 /* NotificationsView.swift in Sources */,
				9D7F04862A0F001A00B976C0 /* SearchView.swift in Sources */,
				9D61D65B2A0EBE2A008AEE38 /* BaseView.swift in Sources */,
				9D7F04842A0EFB4100B976C0 /* BaseTab.swift in Sources */,
				9D7F048E2A0F01F700B976C0 /* Tweet.swift in Sources */,
				9D7F04822A0EF62200B976C0 /* Color.swift in Sources */,
				9D61D64E2A0EBCE6008AEE38 /* ContentView.swift in Sources */,
				9D7F048A2A0F003600B976C0 /* MessagesView.swift in Sources */,
				9D22BC1A2A12A5DD000E4728 /* SearchTab.swift in Sources */,
				9D7F048C2A0F01DB00B976C0 /* User.swift in Sources */,
				9D22BC1C2A12A84F000E4728 /* NotificationsTab.swift in Sources */,
				9D61D64C2A0EBCE6008AEE38 /* SlideOutMenuSwiftUIApp.swift in Sources */,
				9D61D65F2A0ECE57008AEE38 /* HomeView.swift in Sources */,
				9D7F04912A0F082900B976C0 /* ProfileView.swift in Sources */,
				9D22BC162A129911000E4728 /* TweetListView.swift in Sources */,
				9D61D65D2A0EBEF4008AEE38 /* SideMenu.swift in Sources */,
			);
			runOnlyForDeploymentPostprocessing = 0;
		};
/* End PBXSourcesBuildPhase section */

/* Begin XCBuildConfiguration section */
		9D61D6542A0EBCE7008AEE38 /* Debug */ = {
			isa = XCBuildConfiguration;
			buildSettings = {
				ALWAYS_SEARCH_USER_PATHS = NO;
				CLANG_ANALYZER_NONNULL = YES;
				CLANG_ANALYZER_NUMBER_OBJECT_CONVERSION = YES_AGGRESSIVE;
				CLANG_CXX_LANGUAGE_STANDARD = "gnu++20";
				CLANG_ENABLE_MODULES = YES;
				CLANG_ENABLE_OBJC_ARC = YES;
				CLANG_ENABLE_OBJC_WEAK = YES;
				CLANG_WARN_BLOCK_CAPTURE_AUTORELEASING = YES;
				CLANG_WARN_BOOL_CONVERSION = YES;
				CLANG_WARN_COMMA = YES;
				CLANG_WARN_CONSTANT_CONVERSION = YES;
				CLANG_WARN_DEPRECATED_OBJC_IMPLEMENTATIONS = YES;
				CLANG_WARN_DIRECT_OBJC_ISA_USAGE = YES_ERROR;
				CLANG_WARN_DOCUMENTATION_COMMENTS = YES;
				CLANG_WARN_EMPTY_BODY = YES;
				CLANG_WARN_ENUM_CONVERSION = YES;
				CLANG_WARN_INFINITE_RECURSION = YES;
				CLANG_WARN_INT_CONVERSION = YES;
				CLANG_WARN_NON_LITERAL_NULL_CONVERSION = YES;
				CLANG_WARN_OBJC_IMPLICIT_RETAIN_SELF = YES;
				CLANG_WARN_OBJC_LITERAL_CONVERSION = YES;
				CLANG_WARN_OBJC_ROOT_CLASS = YES_ERROR;
				CLANG_WARN_QUOTED_INCLUDE_IN_FRAMEWORK_HEADER = YES;
				CLANG_WARN_RANGE_LOOP_ANALYSIS = YES;
				CLANG_WARN_STRICT_PROTOTYPES = YES;
				CLANG_WARN_SUSPICIOUS_MOVE = YES;
				CLANG_WARN_UNGUARDED_AVAILABILITY = YES_AGGRESSIVE;
				CLANG_WARN_UNREACHABLE_CODE = YES;
				CLANG_WARN__DUPLICATE_METHOD_MATCH = YES;
				COPY_PHASE_STRIP = NO;
				DEBUG_INFORMATION_FORMAT = dwarf;
				ENABLE_STRICT_OBJC_MSGSEND = YES;
				ENABLE_TESTABILITY = YES;
				GCC_C_LANGUAGE_STANDARD = gnu11;
				GCC_DYNAMIC_NO_PIC = NO;
				GCC_NO_COMMON_BLOCKS = YES;
				GCC_OPTIMIZATION_LEVEL = 0;
				GCC_PREPROCESSOR_DEFINITIONS = (
					"DEBUG=1",
					"$(inherited)",
				);
				GCC_WARN_64_TO_32_BIT_CONVERSION = YES;
				GCC_WARN_ABOUT_RETURN_TYPE = YES_ERROR;
				GCC_WARN_UNDECLARED_SELECTOR = YES;
				GCC_WARN_UNINITIALIZED_AUTOS = YES_AGGRESSIVE;
				GCC_WARN_UNUSED_FUNCTION = YES;
				GCC_WARN_UNUSED_VARIABLE = YES;
				IPHONEOS_DEPLOYMENT_TARGET = 16.2;
				MTL_ENABLE_DEBUG_INFO = INCLUDE_SOURCE;
				MTL_FAST_MATH = YES;
				ONLY_ACTIVE_ARCH = YES;
				SDKROOT = iphoneos;
				SWIFT_ACTIVE_COMPILATION_CONDITIONS = DEBUG;
				SWIFT_OPTIMIZATION_LEVEL = "-Onone";
			};
			name = Debug;
		};
		9D61D6552A0EBCE7008AEE38 /* Release */ = {
			isa = XCBuildConfiguration;
			buildSettings = {
				ALWAYS_SEARCH_USER_PATHS = NO;
				CLANG_ANALYZER_NONNULL = YES;
				CLANG_ANALYZER_NUMBER_OBJECT_CONVERSION = YES_AGGRESSIVE;
				CLANG_CXX_LANGUAGE_STANDARD = "gnu++20";
				CLANG_ENABLE_MODULES = YES;
				CLANG_ENABLE_OBJC_ARC = YES;
				CLANG_ENABLE_OBJC_WEAK = YES;
				CLANG_WARN_BLOCK_CAPTURE_AUTORELEASING = YES;
				CLANG_WARN_BOOL_CONVERSION = YES;
				CLANG_WARN_COMMA = YES;
				CLANG_WARN_CONSTANT_CONVERSION = YES;
				CLANG_WARN_DEPRECATED_OBJC_IMPLEMENTATIONS = YES;
				CLANG_WARN_DIRECT_OBJC_ISA_USAGE = YES_ERROR;
				CLANG_WARN_DOCUMENTATION_COMMENTS = YES;
				CLANG_WARN_EMPTY_BODY = YES;
				CLANG_WARN_ENUM_CONVERSION = YES;
				CLANG_WARN_INFINITE_RECURSION = YES;
				CLANG_WARN_INT_CONVERSION = YES;
				CLANG_WARN_NON_LITERAL_NULL_CONVERSION = YES;
				CLANG_WARN_OBJC_IMPLICIT_RETAIN_SELF = YES;
				CLANG_WARN_OBJC_LITERAL_CONVERSION = YES;
				CLANG_WARN_OBJC_ROOT_CLASS = YES_ERROR;
				CLANG_WARN_QUOTED_INCLUDE_IN_FRAMEWORK_HEADER = YES;
				CLANG_WARN_RANGE_LOOP_ANALYSIS = YES;
				CLANG_WARN_STRICT_PROTOTYPES = YES;
				CLANG_WARN_SUSPICIOUS_MOVE = YES;
				CLANG_WARN_UNGUARDED_AVAILABILITY = YES_AGGRESSIVE;
				CLANG_WARN_UNREACHABLE_CODE = YES;
				CLANG_WARN__DUPLICATE_METHOD_MATCH = YES;
				COPY_PHASE_STRIP = NO;
				DEBUG_INFORMATION_FORMAT = "dwarf-with-dsym";
				ENABLE_NS_ASSERTIONS = NO;
				ENABLE_STRICT_OBJC_MSGSEND = YES;
				GCC_C_LANGUAGE_STANDARD = gnu11;
				GCC_NO_COMMON_BLOCKS = YES;
				GCC_WARN_64_TO_32_BIT_CONVERSION = YES;
				GCC_WARN_ABOUT_RETURN_TYPE = YES_ERROR;
				GCC_WARN_UNDECLARED_SELECTOR = YES;
				GCC_WARN_UNINITIALIZED_AUTOS = YES_AGGRESSIVE;
				GCC_WARN_UNUSED_FUNCTION = YES;
				GCC_WARN_UNUSED_VARIABLE = YES;
				IPHONEOS_DEPLOYMENT_TARGET = 16.2;
				MTL_ENABLE_DEBUG_INFO = NO;
				MTL_FAST_MATH = YES;
				SDKROOT = iphoneos;
				SWIFT_COMPILATION_MODE = wholemodule;
				SWIFT_OPTIMIZATION_LEVEL = "-O";
				VALIDATE_PRODUCT = YES;
			};
			name = Release;
		};
		9D61D6572A0EBCE7008AEE38 /* Debug */ = {
			isa = XCBuildConfiguration;
			buildSettings = {
				ASSETCATALOG_COMPILER_APPICON_NAME = AppIcon;
				ASSETCATALOG_COMPILER_GLOBAL_ACCENT_COLOR_NAME = AccentColor;
				CODE_SIGN_STYLE = Automatic;
				CURRENT_PROJECT_VERSION = 1;
				DEVELOPMENT_ASSET_PATHS = "\"SlideOutMenuSwiftUI/Preview Content\"";
				ENABLE_PREVIEWS = YES;
				GENERATE_INFOPLIST_FILE = YES;
				INFOPLIST_KEY_UIApplicationSceneManifest_Generation = YES;
				INFOPLIST_KEY_UIApplicationSupportsIndirectInputEvents = YES;
				INFOPLIST_KEY_UILaunchScreen_Generation = YES;
				INFOPLIST_KEY_UISupportedInterfaceOrientations_iPad = "UIInterfaceOrientationPortrait UIInterfaceOrientationPortraitUpsideDown UIInterfaceOrientationLandscapeLeft UIInterfaceOrientationLandscapeRight";
				INFOPLIST_KEY_UISupportedInterfaceOrientations_iPhone = "UIInterfaceOrientationPortrait UIInterfaceOrientationLandscapeLeft UIInterfaceOrientationLandscapeRight";
				LD_RUNPATH_SEARCH_PATHS = (
					"$(inherited)",
					"@executable_path/Frameworks",
				);
				MARKETING_VERSION = 1.0;
				PRODUCT_BUNDLE_IDENTIFIER = maxvalek.SlideOutMenuSwiftUI;
				PRODUCT_NAME = "$(TARGET_NAME)";
				SWIFT_EMIT_LOC_STRINGS = YES;
				SWIFT_VERSION = 5.0;
				TARGETED_DEVICE_FAMILY = "1,2";
			};
			name = Debug;
		};
		9D61D6582A0EBCE7008AEE38 /* Release */ = {
			isa = XCBuildConfiguration;
			buildSettings = {
				ASSETCATALOG_COMPILER_APPICON_NAME = AppIcon;
				ASSETCATALOG_COMPILER_GLOBAL_ACCENT_COLOR_NAME = AccentColor;
				CODE_SIGN_STYLE = Automatic;
				CURRENT_PROJECT_VERSION = 1;
				DEVELOPMENT_ASSET_PATHS = "\"SlideOutMenuSwiftUI/Preview Content\"";
				ENABLE_PREVIEWS = YES;
				GENERATE_INFOPLIST_FILE = YES;
				INFOPLIST_KEY_UIApplicationSceneManifest_Generation = YES;
				INFOPLIST_KEY_UIApplicationSupportsIndirectInputEvents = YES;
				INFOPLIST_KEY_UILaunchScreen_Generation = YES;
				INFOPLIST_KEY_UISupportedInterfaceOrientations_iPad = "UIInterfaceOrientationPortrait UIInterfaceOrientationPortraitUpsideDown UIInterfaceOrientationLandscapeLeft UIInterfaceOrientationLandscapeRight";
				INFOPLIST_KEY_UISupportedInterfaceOrientations_iPhone = "UIInterfaceOrientationPortrait UIInterfaceOrientationLandscapeLeft UIInterfaceOrientationLandscapeRight";
				LD_RUNPATH_SEARCH_PATHS = (
					"$(inherited)",
					"@executable_path/Frameworks",
				);
				MARKETING_VERSION = 1.0;
				PRODUCT_BUNDLE_IDENTIFIER = maxvalek.SlideOutMenuSwiftUI;
				PRODUCT_NAME = "$(TARGET_NAME)";
				SWIFT_EMIT_LOC_STRINGS = YES;
				SWIFT_VERSION = 5.0;
				TARGETED_DEVICE_FAMILY = "1,2";
			};
			name = Release;
		};
/* End XCBuildConfiguration section */

/* Begin XCConfigurationList section */
		9D61D6432A0EBCE5008AEE38 /* Build configuration list for PBXProject "SlideOutMenuSwiftUI" */ = {
			isa = XCConfigurationList;
			buildConfigurations = (
				9D61D6542A0EBCE7008AEE38 /* Debug */,
				9D61D6552A0EBCE7008AEE38 /* Release */,
			);
			defaultConfigurationIsVisible = 0;
			defaultConfigurationName = Release;
		};
		9D61D6562A0EBCE7008AEE38 /* Build configuration list for PBXNativeTarget "SlideOutMenuSwiftUI" */ = {
			isa = XCConfigurationList;
			buildConfigurations = (
				9D61D6572A0EBCE7008AEE38 /* Debug */,
				9D61D6582A0EBCE7008AEE38 /* Release */,
			);
			defaultConfigurationIsVisible = 0;
			defaultConfigurationName = Release;
		};
/* End XCConfigurationList section */
	};
	rootObject = 9D61D6402A0EBCE5008AEE38 /* Project object */;
}
